
Microsoft Visual Studio Solution File, Format Version 12.00
# Visual Studio 2012
Project("{FAE04EC0-301F-11D3-BF4B-00C04F79EFBC}") = "Field Editor", "Field Editor\Field Editor.csproj", "{67ADC8D1-5808-4662-8EE0-05EA015F2DC0}"
EndProject
Project("{2150E333-8FDC-42A3-9474-1A3956D46DE8}") = ".nuget", ".nuget", "{F9E9FA9D-ADF8-4FDB-9ECA-68A6EA908F81}"
	ProjectSection(SolutionItems) = preProject
		.nuget\NuGet.Config = .nuget\NuGet.Config
		.nuget\NuGet.exe = .nuget\NuGet.exe
		.nuget\NuGet.targets = .nuget\NuGet.targets
	EndProjectSection
EndProject
Global
	GlobalSection(SolutionConfigurationPlatforms) = preSolution
		Debug|Any CPU = Debug|Any CPU
		Release|Any CPU = Release|Any CPU
	EndGlobalSection
	GlobalSection(ProjectConfigurationPlatforms) = postSolution
		{67ADC8D1-5808-4662-8EE0-05EA015F2DC0}.Debug|Any CPU.ActiveCfg = Debug|Any CPU
		{67ADC8D1-5808-4662-8EE0-05EA015F2DC0}.Debug|Any CPU.Build.0 = Debug|Any CPU
		{67ADC8D1-5808-4662-8EE0-05EA015F2DC0}.Release|Any CPU.ActiveCfg = Release|Any CPU
		{67ADC8D1-5808-4662-8EE0-05EA015F2DC0}.Release|Any CPU.Build.0 = Release|Any CPU
	EndGlobalSection
	GlobalSection(SolutionProperties) = preSolution
		HideSolutionNode = FALSE
	EndGlobalSection
	GlobalSection(Performance) = preSolution
		HasPerformanceSessions = true
	EndGlobalSection
EndGlobal
